<?xml version="1.0" encoding="utf-8"?>
<Project ToolsVersion="4.0" xmlns="http://schemas.microsoft.com/developer/msbuild/2003">
  <ItemGroup>
    <ClCompile Include="main.c" />
    <ClCompile Include="../../mipOS\mipos_bsp_simu.c">
      <Filter>mipos</Filter>
    </ClCompile>
    <ClCompile Include="../../mipOS\mipos_console.c">
      <Filter>mipos</Filter>
    </ClCompile>
    <ClCompile Include="../../mipOS\mipos_fs.c">
      <Filter>mipos</Filter>
    </ClCompile>
    <ClCompile Include="../../mipOS\mipos_kernel.c">
      <Filter>mipos</Filter>
    </ClCompile>
    <ClCompile Include="../../mipOS\mipos_queue.c">
      <Filter>mipos</Filter>
    </ClCompile>
    <ClCompile Include="../../mipOS\mipos_stdio.c">
      <Filter>mipos</Filter>
    </ClCompile>
    <ClCompile Include="../../mipOS\mipos_task.c">
      <Filter>mipos</Filter>
    </ClCompile>
    <ClCompile Include="../../mipOS\mipos_timer.c">
      <Filter>mipos</Filter>
    </ClCompile>
    <ClCompile Include="..\..\mipOS\mipos_malloc.c">
      <Filter>mipos</Filter>
    </ClCompile>
  </ItemGroup>
  <ItemGroup>
    <ClInclude Include="../../mipOS/mipos.h">
      <Filter>mipos</Filter>
    </ClInclude>
    <ClInclude Include="../../mipOS/mipos_bsp.h">
      <Filter>mipos</Filter>
    </ClInclude>
    <ClInclude Include="../../mipOS/mipos_bsp_simu.h">
      <Filter>mipos</Filter>
    </ClInclude>
    <ClInclude Include="../../mipOS/mipos_bsp_stm8.h">
      <Filter>mipos</Filter>
    </ClInclude>
    <ClInclude Include="../../mipOS/mipos_bsp_stm8s.h">
      <Filter>mipos</Filter>
    </ClInclude>
    <ClInclude Include="../../mipOS/mipos_bsp_stm32.h">
      <Filter>mipos</Filter>
    </ClInclude>
    <ClInclude Include="../../mipOS/mipos_console.h">
      <Filter>mipos</Filter>
    </ClInclude>
    <ClInclude Include="../../mipOS/mipos_ctxm3.h">
      <Filter>mipos</Filter>
    </ClInclude>
    <ClInclude Include="../../mipOS/mipos_fs.h">
      <Filter>mipos</Filter>
    </ClInclude>
    <ClInclude Include="../../mipOS/mipos_kernel.h">
      <Filter>mipos</Filter>
    </ClInclude>
    <ClInclude Include="../../mipOS/mipos_limits.h">
      <Filter>mipos</Filter>
    </ClInclude>
    <ClInclude Include="../../mipOS/mipos_mutex.h">
      <Filter>mipos</Filter>
    </ClInclude>
    <ClInclude Include="../../mipOS/mipos_queue.h">
      <Filter>mipos</Filter>
    </ClInclude>
    <ClInclude Include="../../mipOS/mipos_stdio.h">
      <Filter>mipos</Filter>
    </ClInclude>
    <ClInclude Include="../../mipOS/mipos_timer.h">
      <Filter>mipos</Filter>
    </ClInclude>
    <ClInclude Include="../../mipOS/mipos_types.h">
      <Filter>mipos</Filter>
    </ClInclude>
    <ClInclude Include="..\..\mipOS\mipos_malloc.h">
      <Filter>mipos</Filter>
    </ClInclude>
  </ItemGroup>
  <ItemGroup>
    <Filter Include="mipos">
      <UniqueIdentifier>{6993fdf9-f5bc-4d6c-82d8-499b27aa63af}</UniqueIdentifier>
    </Filter>
  </ItemGroup>
</Project>