<?xml version="1.0" encoding="utf-8"?>
<Project ToolsVersion="4.0" xmlns="http://schemas.microsoft.com/developer/msbuild/2003">
  <ItemGroup>
    <ClCompile Include="main.c" />
    <ClCompile Include="..\..\fatfs\diskio.c">
      <Filter>fatfs</Filter>
    </ClCompile>
    <ClCompile Include="..\..\fatfs\ff.c">
      <Filter>fatfs</Filter>
    </ClCompile>
    <ClCompile Include="..\..\fatfs\ffsystem.c">
      <Filter>fatfs</Filter>
    </ClCompile>
    <ClCompile Include="..\..\fatfs\ffunicode.c">
      <Filter>fatfs</Filter>
    </ClCompile>
  </ItemGroup>
  <ItemGroup>
    <ClInclude Include="..\..\fatfs\diskio.h">
      <Filter>fatfs</Filter>
    </ClInclude>
    <ClInclude Include="..\..\fatfs\ff.h">
      <Filter>fatfs</Filter>
    </ClInclude>
    <ClInclude Include="..\..\fatfs\ffconf.h">
      <Filter>fatfs</Filter>
    </ClInclude>
    <ClInclude Include="..\..\fatfs\integer.h">
      <Filter>fatfs</Filter>
    </ClInclude>
  </ItemGroup>
  <ItemGroup>
    <Filter Include="fatfs">
      <UniqueIdentifier>{bf20fb2a-fae0-45a8-8a08-c5f4846b828e}</UniqueIdentifier>
    </Filter>
  </ItemGroup>
</Project>